
Microsoft Visual Studio Solution File, Format Version 12.00
# Visual Studio Version 17
VisualStudioVersion = 17.9.34728.123
MinimumVisualStudioVersion = 10.0.40219.1
Project("{FAE04EC0-301F-11D3-BF4B-00C04F79EFBC}") = "MapApp", "MapApp\MapApp.csproj", "{C141FCAB-71F9-4776-A4A6-90D806657ED8}"
EndProject
Global
	GlobalSection(SolutionConfigurationPlatforms) = preSolution
		Debug|Any CPU = Debug|Any CPU
		Release|Any CPU = Release|Any CPU
	EndGlobalSection
	GlobalSection(ProjectConfigurationPlatforms) = postSolution
		{C141FCAB-71F9-4776-A4A6-90D806657ED8}.Debug|Any CPU.ActiveCfg = Debug|Any CPU
		{C141FCAB-71F9-4776-A4A6-90D806657ED8}.Debug|Any CPU.Build.0 = Debug|Any CPU
		{C141FCAB-71F9-4776-A4A6-90D806657ED8}.Release|Any CPU.ActiveCfg = Release|Any CPU
		{C141FCAB-71F9-4776-A4A6-90D806657ED8}.Release|Any CPU.Build.0 = Release|Any CPU
	EndGlobalSection
	GlobalSection(SolutionProperties) = preSolution
		HideSolutionNode = FALSE
	EndGlobalSection
	GlobalSection(ExtensibilityGlobals) = postSolution
		SolutionGuid = {95880F15-FCBF-46C7-B988-EC408EECDE7A}
	EndGlobalSection
EndGlobal
